
Microsoft Visual Studio Solution File, Format Version 12.00
# Visual Studio Version 16
VisualStudioVersion = 16.0.28917.181
MinimumVisualStudioVersion = 10.0.40219.1
Project("{888888A0-9F3D-457C-B088-3A5042F75D52}") = "iborder", "iborder.pyproj", "{C6758072-6A84-4631-8ADC-29D189A52C09}"
EndProject
Global
	GlobalSection(SolutionConfigurationPlatforms) = preSolution
		Debug|Any CPU = Debug|Any CPU
		Release|Any CPU = Release|Any CPU
	EndGlobalSection
	GlobalSection(ProjectConfigurationPlatforms) = postSolution
		{C6758072-6A84-4631-8ADC-29D189A52C09}.Debug|Any CPU.ActiveCfg = Debug|Any CPU
		{C6758072-6A84-4631-8ADC-29D189A52C09}.Release|Any CPU.ActiveCfg = Release|Any CPU
	EndGlobalSection
	GlobalSection(SolutionProperties) = preSolution
		HideSolutionNode = FALSE
	EndGlobalSection
	GlobalSection(ExtensibilityGlobals) = postSolution
		SolutionGuid = {D3B44768-CB1B-4ED6-9EBD-3796957395BE}
	EndGlobalSection
EndGlobal
